
Microsoft Visual Studio Solution File, Format Version 12.00
# Visual Studio Version 16
VisualStudioVersion = 16.0.30104.148
MinimumVisualStudioVersion = 10.0.40219.1
Project("{FAE04EC0-301F-11D3-BF4B-00C04F79EFBC}") = "MisLibros.API", "MisLibros.API\MisLibros.API.csproj", "{86F6FD40-6F98-40F2-B1EB-FB7B78A861EB}"
EndProject
Global
	GlobalSection(SolutionConfigurationPlatforms) = preSolution
		Debug|Any CPU = Debug|Any CPU
		Release|Any CPU = Release|Any CPU
	EndGlobalSection
	GlobalSection(ProjectConfigurationPlatforms) = postSolution
		{86F6FD40-6F98-40F2-B1EB-FB7B78A861EB}.Debug|Any CPU.ActiveCfg = Debug|Any CPU
		{86F6FD40-6F98-40F2-B1EB-FB7B78A861EB}.Debug|Any CPU.Build.0 = Debug|Any CPU
		{86F6FD40-6F98-40F2-B1EB-FB7B78A861EB}.Release|Any CPU.ActiveCfg = Release|Any CPU
		{86F6FD40-6F98-40F2-B1EB-FB7B78A861EB}.Release|Any CPU.Build.0 = Release|Any CPU
	EndGlobalSection
	GlobalSection(SolutionProperties) = preSolution
		HideSolutionNode = FALSE
	EndGlobalSection
	GlobalSection(ExtensibilityGlobals) = postSolution
		SolutionGuid = {06AB22B9-D7C4-4821-9145-DA1C22D31DCE}
	EndGlobalSection
EndGlobal
